
Microsoft Visual Studio Solution File, Format Version 12.00
# Visual Studio Version 16
VisualStudioVersion = 16.0.32126.315
MinimumVisualStudioVersion = 10.0.40219.1
Project("{FAE04EC0-301F-11D3-BF4B-00C04F79EFBC}") = "SchoolingSystem", "SchoolingSystem.csproj", "{6E182295-E5EB-4B49-98B1-8304FF2B48D0}"
EndProject
Global
	GlobalSection(SolutionConfigurationPlatforms) = preSolution
		Debug|Any CPU = Debug|Any CPU
		Release|Any CPU = Release|Any CPU
	EndGlobalSection
	GlobalSection(ProjectConfigurationPlatforms) = postSolution
		{6E182295-E5EB-4B49-98B1-8304FF2B48D0}.Debug|Any CPU.ActiveCfg = Debug|Any CPU
		{6E182295-E5EB-4B49-98B1-8304FF2B48D0}.Debug|Any CPU.Build.0 = Debug|Any CPU
		{6E182295-E5EB-4B49-98B1-8304FF2B48D0}.Release|Any CPU.ActiveCfg = Release|Any CPU
		{6E182295-E5EB-4B49-98B1-8304FF2B48D0}.Release|Any CPU.Build.0 = Release|Any CPU
	EndGlobalSection
	GlobalSection(SolutionProperties) = preSolution
		HideSolutionNode = FALSE
	EndGlobalSection
	GlobalSection(ExtensibilityGlobals) = postSolution
		SolutionGuid = {C935DC49-CCA6-4F4C-A06E-3924AF5521FF}
	EndGlobalSection
EndGlobal
